
Microsoft Visual Studio Solution File, Format Version 11.00
# Visual Studio 2010
Project("{FAE04EC0-301F-11D3-BF4B-00C04F79EFBC}") = "WpfUITestApp", "WpfUITestApp.csproj", "{D7C337DB-3A59-43E0-A6F7-DD262F799F5A}"
EndProject
Project("{FAE04EC0-301F-11D3-BF4B-00C04F79EFBC}") = "Spheris.BillingAdmin.UI.Wpf", "..\..\Spheris.BillingAdmin.UI.Wpf.csproj", "{79A409D2-3670-451B-BC2C-A455EF260E31}"
EndProject
Project("{FAE04EC0-301F-11D3-BF4B-00C04F79EFBC}") = "Spheris.Billing.Core", "..\..\..\Spheris.Billing.Core\Spheris.Billing.Core.csproj", "{7B94EB5A-835C-4C27-9704-C599C2B52428}"
EndProject
Project("{FAE04EC0-301F-11D3-BF4B-00C04F79EFBC}") = "Spheris.Billing.Data", "..\..\..\Spheris.Billing.Data\Spheris.Billing.Data.csproj", "{75DB9F36-16BD-4CFD-AE0A-B2A8346CC0B7}"
EndProject
Project("{FAE04EC0-301F-11D3-BF4B-00C04F79EFBC}") = "Spheris.Common", "..\..\..\Spheris.Common\Spheris.Common.csproj", "{BE3ED2F1-54FA-4B2F-924A-5C98FCBC7261}"
EndProject
Project("{FAE04EC0-301F-11D3-BF4B-00C04F79EFBC}") = "GongSolutions.Wpf.DragDrop", "..\..\..\DragDropMVVM\GongSolutions.Wpf.DragDrop.csproj", "{0C6674CC-6D49-414A-9B41-D4E175028FFB}"
EndProject
Global
	GlobalSection(TeamFoundationVersionControl) = preSolution
		SccNumberOfProjects = 7
		SccEnterpriseProvider = {4CA58AB2-18FA-4F8D-95D4-32DDF27D184C}
		SccTeamFoundationServer = http://tentfs102:8080/
		SccLocalPath0 = .
		SccProjectUniqueName1 = ..\\..\\Spheris.BillingAdmin.UI.Wpf.csproj
		SccProjectName1 = ../../
		SccLocalPath1 = ..\\..
		SccProjectUniqueName2 = WpfUITestApp.csproj
		SccLocalPath2 = .
		SccProjectUniqueName3 = ..\\..\\..\\Spheris.Billing.Core\\Spheris.Billing.Core.csproj
		SccProjectName3 = ../../../Spheris.Billing.Core
		SccLocalPath3 = ..\\..\\..\\Spheris.Billing.Core
		SccProjectUniqueName4 = ..\\..\\..\\Spheris.Billing.Data\\Spheris.Billing.Data.csproj
		SccProjectName4 = ../../../Spheris.Billing.Data
		SccLocalPath4 = ..\\..\\..\\Spheris.Billing.Data
		SccProjectUniqueName5 = ..\\..\\..\\Spheris.Common\\Spheris.Common.csproj
		SccProjectName5 = ../../../Spheris.Common
		SccLocalPath5 = ..\\..\\..\\Spheris.Common
		SccProjectUniqueName6 = ..\\..\\..\\DragDropMVVM\\GongSolutions.Wpf.DragDrop.csproj
		SccProjectName6 = ../../../DragDropMVVM
		SccLocalPath6 = ..\\..\\..\\DragDropMVVM
	EndGlobalSection
	GlobalSection(SolutionConfigurationPlatforms) = preSolution
		Debug|Any CPU = Debug|Any CPU
		Debug|Mixed Platforms = Debug|Mixed Platforms
		Debug|x86 = Debug|x86
		Release|Any CPU = Release|Any CPU
		Release|Mixed Platforms = Release|Mixed Platforms
		Release|x86 = Release|x86
	EndGlobalSection
	GlobalSection(ProjectConfigurationPlatforms) = postSolution
		{D7C337DB-3A59-43E0-A6F7-DD262F799F5A}.Debug|Any CPU.ActiveCfg = Debug|x86
		{D7C337DB-3A59-43E0-A6F7-DD262F799F5A}.Debug|Mixed Platforms.ActiveCfg = Debug|x86
		{D7C337DB-3A59-43E0-A6F7-DD262F799F5A}.Debug|Mixed Platforms.Build.0 = Debug|x86
		{D7C337DB-3A59-43E0-A6F7-DD262F799F5A}.Debug|x86.ActiveCfg = Debug|x86
		{D7C337DB-3A59-43E0-A6F7-DD262F799F5A}.Debug|x86.Build.0 = Debug|x86
		{D7C337DB-3A59-43E0-A6F7-DD262F799F5A}.Release|Any CPU.ActiveCfg = Release|x86
		{D7C337DB-3A59-43E0-A6F7-DD262F799F5A}.Release|Mixed Platforms.ActiveCfg = Release|x86
		{D7C337DB-3A59-43E0-A6F7-DD262F799F5A}.Release|Mixed Platforms.Build.0 = Release|x86
		{D7C337DB-3A59-43E0-A6F7-DD262F799F5A}.Release|x86.ActiveCfg = Release|x86
		{D7C337DB-3A59-43E0-A6F7-DD262F799F5A}.Release|x86.Build.0 = Release|x86
		{79A409D2-3670-451B-BC2C-A455EF260E31}.Debug|Any CPU.ActiveCfg = Debug|Any CPU
		{79A409D2-3670-451B-BC2C-A455EF260E31}.Debug|Any CPU.Build.0 = Debug|Any CPU
		{79A409D2-3670-451B-BC2C-A455EF260E31}.Debug|Mixed Platforms.ActiveCfg = Debug|Any CPU
		{79A409D2-3670-451B-BC2C-A455EF260E31}.Debug|Mixed Platforms.Build.0 = Debug|Any CPU
		{79A409D2-3670-451B-BC2C-A455EF260E31}.Debug|x86.ActiveCfg = Debug|Any CPU
		{79A409D2-3670-451B-BC2C-A455EF260E31}.Release|Any CPU.ActiveCfg = Release|Any CPU
		{79A409D2-3670-451B-BC2C-A455EF260E31}.Release|Any CPU.Build.0 = Release|Any CPU
		{79A409D2-3670-451B-BC2C-A455EF260E31}.Release|Mixed Platforms.ActiveCfg = Release|Any CPU
		{79A409D2-3670-451B-BC2C-A455EF260E31}.Release|Mixed Platforms.Build.0 = Release|Any CPU
		{79A409D2-3670-451B-BC2C-A455EF260E31}.Release|x86.ActiveCfg = Release|Any CPU
		{7B94EB5A-835C-4C27-9704-C599C2B52428}.Debug|Any CPU.ActiveCfg = Debug|Any CPU
		{7B94EB5A-835C-4C27-9704-C599C2B52428}.Debug|Any CPU.Build.0 = Debug|Any CPU
		{7B94EB5A-835C-4C27-9704-C599C2B52428}.Debug|Mixed Platforms.ActiveCfg = Debug|Any CPU
		{7B94EB5A-835C-4C27-9704-C599C2B52428}.Debug|Mixed Platforms.Build.0 = Debug|Any CPU
		{7B94EB5A-835C-4C27-9704-C599C2B52428}.Debug|x86.ActiveCfg = Debug|Any CPU
		{7B94EB5A-835C-4C27-9704-C599C2B52428}.Release|Any CPU.ActiveCfg = Release|Any CPU
		{7B94EB5A-835C-4C27-9704-C599C2B52428}.Release|Any CPU.Build.0 = Release|Any CPU
		{7B94EB5A-835C-4C27-9704-C599C2B52428}.Release|Mixed Platforms.ActiveCfg = Release|Any CPU
		{7B94EB5A-835C-4C27-9704-C599C2B52428}.Release|Mixed Platforms.Build.0 = Release|Any CPU
		{7B94EB5A-835C-4C27-9704-C599C2B52428}.Release|x86.ActiveCfg = Release|Any CPU
		{75DB9F36-16BD-4CFD-AE0A-B2A8346CC0B7}.Debug|Any CPU.ActiveCfg = Debug|Any CPU
		{75DB9F36-16BD-4CFD-AE0A-B2A8346CC0B7}.Debug|Any CPU.Build.0 = Debug|Any CPU
		{75DB9F36-16BD-4CFD-AE0A-B2A8346CC0B7}.Debug|Mixed Platforms.ActiveCfg = Debug|Any CPU
		{75DB9F36-16BD-4CFD-AE0A-B2A8346CC0B7}.Debug|Mixed Platforms.Build.0 = Debug|Any CPU
		{75DB9F36-16BD-4CFD-AE0A-B2A8346CC0B7}.Debug|x86.ActiveCfg = Debug|Any CPU
		{75DB9F36-16BD-4CFD-AE0A-B2A8346CC0B7}.Release|Any CPU.ActiveCfg = Release|Any CPU
		{75DB9F36-16BD-4CFD-AE0A-B2A8346CC0B7}.Release|Any CPU.Build.0 = Release|Any CPU
		{75DB9F36-16BD-4CFD-AE0A-B2A8346CC0B7}.Release|Mixed Platforms.ActiveCfg = Release|Any CPU
		{75DB9F36-16BD-4CFD-AE0A-B2A8346CC0B7}.Release|Mixed Platforms.Build.0 = Release|Any CPU
		{75DB9F36-16BD-4CFD-AE0A-B2A8346CC0B7}.Release|x86.ActiveCfg = Release|Any CPU
		{BE3ED2F1-54FA-4B2F-924A-5C98FCBC7261}.Debug|Any CPU.ActiveCfg = Debug|Any CPU
		{BE3ED2F1-54FA-4B2F-924A-5C98FCBC7261}.Debug|Any CPU.Build.0 = Debug|Any CPU
		{BE3ED2F1-54FA-4B2F-924A-5C98FCBC7261}.Debug|Mixed Platforms.ActiveCfg = Debug|Any CPU
		{BE3ED2F1-54FA-4B2F-924A-5C98FCBC7261}.Debug|Mixed Platforms.Build.0 = Debug|Any CPU
		{BE3ED2F1-54FA-4B2F-924A-5C98FCBC7261}.Debug|x86.ActiveCfg = Debug|Any CPU
		{BE3ED2F1-54FA-4B2F-924A-5C98FCBC7261}.Release|Any CPU.ActiveCfg = Release|Any CPU
		{BE3ED2F1-54FA-4B2F-924A-5C98FCBC7261}.Release|Any CPU.Build.0 = Release|Any CPU
		{BE3ED2F1-54FA-4B2F-924A-5C98FCBC7261}.Release|Mixed Platforms.ActiveCfg = Release|Any CPU
		{BE3ED2F1-54FA-4B2F-924A-5C98FCBC7261}.Release|Mixed Platforms.Build.0 = Release|Any CPU
		{BE3ED2F1-54FA-4B2F-924A-5C98FCBC7261}.Release|x86.ActiveCfg = Release|Any CPU
		{0C6674CC-6D49-414A-9B41-D4E175028FFB}.Debug|Any CPU.ActiveCfg = Debug|Any CPU
		{0C6674CC-6D49-414A-9B41-D4E175028FFB}.Debug|Any CPU.Build.0 = Debug|Any CPU
		{0C6674CC-6D49-414A-9B41-D4E175028FFB}.Debug|Mixed Platforms.ActiveCfg = Debug|Any CPU
		{0C6674CC-6D49-414A-9B41-D4E175028FFB}.Debug|Mixed Platforms.Build.0 = Debug|Any CPU
		{0C6674CC-6D49-414A-9B41-D4E175028FFB}.Debug|x86.ActiveCfg = Debug|Any CPU
		{0C6674CC-6D49-414A-9B41-D4E175028FFB}.Release|Any CPU.ActiveCfg = Release|Any CPU
		{0C6674CC-6D49-414A-9B41-D4E175028FFB}.Release|Any CPU.Build.0 = Release|Any CPU
		{0C6674CC-6D49-414A-9B41-D4E175028FFB}.Release|Mixed Platforms.ActiveCfg = Release|Any CPU
		{0C6674CC-6D49-414A-9B41-D4E175028FFB}.Release|Mixed Platforms.Build.0 = Release|Any CPU
		{0C6674CC-6D49-414A-9B41-D4E175028FFB}.Release|x86.ActiveCfg = Release|Any CPU
	EndGlobalSection
	GlobalSection(SolutionProperties) = preSolution
		HideSolutionNode = FALSE
	EndGlobalSection
EndGlobal
